// !$*UTF8*$!
{
	archiveVersion = 1;
	classes = {
	};
	objectVersion = 46;
	objects = {

/* Begin PBXBuildFile section */
		A20841801C7EA6E3007FBF51 /* AppDelegate.swift in Sources */ = {isa = PBXBuildFile; fileRef = A208417F1C7EA6E3007FBF51 /* AppDelegate.swift */; };
		A20841821C7EA6E3007FBF51 /* ViewController.swift in Sources */ = {isa = PBXBuildFile; fileRef = A20841811C7EA6E3007FBF51 /* ViewController.swift */; };
		A20841851C7EA6E3007FBF51 /* Main.storyboard in Resources */ = {isa = PBXBuildFile; fileRef = A20841831C7EA6E3007FBF51 /* Main.storyboard */; };
		A20841871C7EA6E3007FBF51 /* Assets.xcassets in Resources */ = {isa = PBXBuildFile; fileRef = A20841861C7EA6E3007FBF51 /* Assets.xcassets */; };
		A208418A1C7EA6E3007FBF51 /* LaunchScreen.storyboard in Resources */ = {isa = PBXBuildFile; fileRef = A20841881C7EA6E3007FBF51 /* LaunchScreen.storyboard */; };
/* End PBXBuildFile section */

/* Begin PBXFileReference section */
		A208417C1C7EA6E3007FBF51 /* ClickController.app */ = {isa = PBXFileReference; explicitFileType = wrapper.application; includeInIndex = 0; path = ClickController.app; sourceTree = BUILT_PRODUCTS_DIR; };
		A208417F1C7EA6E3007FBF51 /* AppDelegate.swift */ = {isa = PBXFileReference; lastKnownFileType = sourcecode.swift; path = AppDelegate.swift; sourceTree = "<group>"; };
		A20841811C7EA6E3007FBF51 /* ViewController.swift */ = {isa = PBXFileReference; lastKnownFileType = sourcecode.swift; path = ViewController.swift; sourceTree = "<group>"; };
		A20841841C7EA6E3007FBF51 /* Base */ = {isa = PBXFileReference; lastKnownFileType = file.storyboard; name = Base; path = Base.lproj/Main.storyboard; sourceTree = "<group>"; };
		A20841861C7EA6E3007FBF51 /* Assets.xcassets */ = {isa = PBXFileReference; lastKnownFileType = folder.assetcatalog; path = Assets.xcassets; sourceTree = "<group>"; };
		A20841891C7EA6E3007FBF51 /* Base */ = {isa = PBXFileReference; lastKnownFileType = file.storyboard; name = Base; path = Base.lproj/LaunchScreen.storyboard; sourceTree = "<group>"; };
		A208418B1C7EA6E3007FBF51 /* Info.plist */ = {isa = PBXFileReference; lastKnownFileType = text.plist.xml; path = Info.plist; sourceTree = "<group>"; };
/* End PBXFileReference section */

/* Begin PBXFrameworksBuildPhase section */
		A20841791C7EA6E3007FBF51 /* Frameworks */ = {
			isa = PBXFrameworksBuildPhase;
			buildActionMask = 2147483647;
			files = (
			);
			runOnlyForDeploymentPostprocessing = 0;
		};
/* End PBXFrameworksBuildPhase section */

/* Begin PBXGroup section */
		A20841731C7EA6E3007FBF51 = {
			isa = PBXGroup;
			children = (
				A208417E1C7EA6E3007FBF51 /* ClickController */,
				A208417D1C7EA6E3007FBF51 /* Products */,
			);
			sourceTree = "<group>";
		};
		A208417D1C7EA6E3007FBF51 /* Products */ = {
			isa = PBXGroup;
			children = (
				A208417C1C7EA6E3007FBF51 /* ClickController.app */,
			);
			name = Products;
			sourceTree = "<group>";
		};
		A208417E1C7EA6E3007FBF51 /* ClickController */ = {
			isa = PBXGroup;
			children = (
				A208417F1C7EA6E3007FBF51 /* AppDelegate.swift */,
				A20841811C7EA6E3007FBF51 /* ViewController.swift */,
				A20841831C7EA6E3007FBF51 /* Main.storyboard */,
				A20841861C7EA6E3007FBF51 /* Assets.xcassets */,
				A20841881C7EA6E3007FBF51 /* LaunchScreen.storyboard */,
				A208418B1C7EA6E3007FBF51 /* Info.plist */,
			);
			path = ClickController;
			sourceTree = "<group>";
		};
/* End PBXGroup section */

/* Begin PBXNativeTarget section */
		A208417B1C7EA6E3007FBF51 /* ClickController */ = {
			isa = PBXNativeTarget;
			buildConfigurationList = A208418E1C7EA6E3007FBF51 /* Build configuration list for PBXNativeTarget "ClickController" */;
			buildPhases = (
				A20841781C7EA6E3007FBF51 /* Sources */,
				A20841791C7EA6E3007FBF51 /* Frameworks */,
				A208417A1C7EA6E3007FBF51 /* Resources */,
			);
			buildRules = (
			);
			dependencies = (
			);
			name = ClickController;
			productName = ClickController;
			productReference = A208417C1C7EA6E3007FBF51 /* ClickController.app */;
			productType = "com.apple.product-type.application";
		};
/* End PBXNativeTarget section */

/* Begin PBXProject section */
		A20841741C7EA6E3007FBF51 /* Project object */ = {
			isa = PBXProject;
			attributes = {
				LastUpgradeCheck = 0700;
				ORGANIZATIONNAME = "Abbas Aniefa";
				TargetAttributes = {
					A208417B1C7EA6E3007FBF51 = {
						CreatedOnToolsVersion = 7.0;
					};
				};
			};
			buildConfigurationList = A20841771C7EA6E3007FBF51 /* Build configuration list for PBXProject "ClickController" */;
			compatibilityVersion = "Xcode 3.2";
			developmentRegion = English;
			hasScannedForEncodings = 0;
			knownRegions = (
				en,
				Base,
			);
			mainGroup = A20841731C7EA6E3007FBF51;
			productRefGroup = A208417D1C7EA6E3007FBF51 /* Products */;
			projectDirPath = "";
			projectRoot = "";
			targets = (
				A208417B1C7EA6E3007FBF51 /* ClickController */,
			);
		};
/* End PBXProject section */

/* Begin PBXResourcesBuildPhase section */
		A208417A1C7EA6E3007FBF51 /* Resources */ = {
			isa = PBXResourcesBuildPhase;
			buildActionMask = 2147483647;
			files = (
				A208418A1C7EA6E3007FBF51 /* LaunchScreen.storyboard in Resources */,
				A20841871C7EA6E3007FBF51 /* Assets.xcassets in Resources */,
				A20841851C7EA6E3007FBF51 /* Main.storyboard in Resources */,
			);
			runOnlyForDeploymentPostprocessing = 0;
		};
/* End PBXResourcesBuildPhase section */

/* Begin PBXSourcesBuildPhase section */
		A20841781C7EA6E3007FBF51 /* Sources */ = {
			isa = PBXSourcesBuildPhase;
			buildActionMask = 2147483647;
			files = (
				A20841821C7EA6E3007FBF51 /* ViewController.swift in Sources */,
				A20841801C7EA6E3007FBF51 /* AppDelegate.swift in Sources */,
			);
			runOnlyForDeploymentPostprocessing = 0;
		};
/* End PBXSourcesBuildPhase section */

/* Begin PBXVariantGroup section */
		A20841831C7EA6E3007FBF51 /* Main.storyboard */ = {
			isa = PBXVariantGroup;
			children = (
				A20841841C7EA6E3007FBF51 /* Base */,
			);
			name = Main.storyboard;
			sourceTree = "<group>";
		};
		A20841881C7EA6E3007FBF51 /* LaunchScreen.storyboard */ = {
			isa = PBXVariantGroup;
			children = (
				A20841891C7EA6E3007FBF51 /* Base */,
			);
			name = LaunchScreen.storyboard;
			sourceTree = "<group>";
		};
/* End PBXVariantGroup section */

/* Begin XCBuildConfiguration section */
		A208418C1C7EA6E3007FBF51 /* Debug */ = {
			isa = XCBuildConfiguration;
			buildSettings = {
				ALWAYS_SEARCH_USER_PATHS = NO;
				CLANG_CXX_LANGUAGE_STANDARD = "gnu++0x";
				CLANG_CXX_LIBRARY = "libc++";
				CLANG_ENABLE_MODULES = YES;
				CLANG_ENABLE_OBJC_ARC = YES;
				CLANG_WARN_BOOL_CONVERSION = YES;
				CLANG_WARN_CONSTANT_CONVERSION = YES;
				CLANG_WARN_DIRECT_OBJC_ISA_USAGE = YES_ERROR;
				CLANG_WARN_EMPTY_BODY = YES;
				CLANG_WARN_ENUM_CONVERSION = YES;
				CLANG_WARN_INT_CONVERSION = YES;
				CLANG_WARN_OBJC_ROOT_CLASS = YES_ERROR;
				CLANG_WARN_UNREACHABLE_CODE = YES;
				CLANG_WARN__DUPLICATE_METHOD_MATCH = YES;
				"CODE_SIGN_IDENTITY[sdk=iphoneos*]" = "iPhone Developer";
				COPY_PHASE_STRIP = NO;
				DEBUG_INFORMATION_FORMAT = dwarf;
				ENABLE_STRICT_OBJC_MSGSEND = YES;
				ENABLE_TESTABILITY = YES;
				GCC_C_LANGUAGE_STANDARD = gnu99;
				GCC_DYNAMIC_NO_PIC = NO;
				GCC_NO_COMMON_BLOCKS = YES;
				GCC_OPTIMIZATION_LEVEL = 0;
				GCC_PREPROCESSOR_DEFINITIONS = (
					"DEBUG=1",
					"$(inherited)",
				);
				GCC_WARN_64_TO_32_BIT_CONVERSION = YES;
				GCC_WARN_ABOUT_RETURN_TYPE = YES_ERROR;
				GCC_WARN_UNDECLARED_SELECTOR = YES;
				GCC_WARN_UNINITIALIZED_AUTOS = YES_AGGRESSIVE;
				GCC_WARN_UNUSED_FUNCTION = YES;
				GCC_WARN_UNUSED_VARIABLE = YES;
				IPHONEOS_DEPLOYMENT_TARGET = 9.0;
				MTL_ENABLE_DEBUG_INFO = YES;
				ONLY_ACTIVE_ARCH = YES;
				SDKROOT = iphoneos;
				SWIFT_OPTIMIZATION_LEVEL = "-Onone";
			};
			name = Debug;
		};
		A208418D1C7EA6E3007FBF51 /* Release */ = {
			isa = XCBuildConfiguration;
			buildSettings = {
				ALWAYS_SEARCH_USER_PATHS = NO;
				CLANG_CXX_LANGUAGE_STANDARD = "gnu++0x";
				CLANG_CXX_LIBRARY = "libc++";
				CLANG_ENABLE_MODULES = YES;
				CLANG_ENABLE_OBJC_ARC = YES;
				CLANG_WARN_BOOL_CONVERSION = YES;
				CLANG_WARN_CONSTANT_CONVERSION = YES;
				CLANG_WARN_DIRECT_OBJC_ISA_USAGE = YES_ERROR;
				CLANG_WARN_EMPTY_BODY = YES;
				CLANG_WARN_ENUM_CONVERSION = YES;
				CLANG_WARN_INT_CONVERSION = YES;
				CLANG_WARN_OBJC_ROOT_CLASS = YES_ERROR;
				CLANG_WARN_UNREACHABLE_CODE = YES;
				CLANG_WARN__DUPLICATE_METHOD_MATCH = YES;
				"CODE_SIGN_IDENTITY[sdk=iphoneos*]" = "iPhone Developer";
				COPY_PHASE_STRIP = NO;
				DEBUG_INFORMATION_FORMAT = "dwarf-with-dsym";
				ENABLE_NS_ASSERTIONS = NO;
				ENABLE_STRICT_OBJC_MSGSEND = YES;
				GCC_C_LANGUAGE_STANDARD = gnu99;
				GCC_NO_COMMON_BLOCKS = YES;
				GCC_WARN_64_TO_32_BIT_CONVERSION = YES;
				GCC_WARN_ABOUT_RETURN_TYPE = YES_ERROR;
				GCC_WARN_UNDECLARED_SELECTOR = YES;
				GCC_WARN_UNINITIALIZED_AUTOS = YES_AGGRESSIVE;
				GCC_WARN_UNUSED_FUNCTION = YES;
				GCC_WARN_UNUSED_VARIABLE = YES;
				IPHONEOS_DEPLOYMENT_TARGET = 9.0;
				MTL_ENABLE_DEBUG_INFO = NO;
				SDKROOT = iphoneos;
				VALIDATE_PRODUCT = YES;
			};
			name = Release;
		};
		A208418F1C7EA6E3007FBF51 /* Debug */ = {
			isa = XCBuildConfiguration;
			buildSettings = {
				ASSETCATALOG_COMPILER_APPICON_NAME = AppIcon;
				INFOPLIST_FILE = ClickController/Info.plist;
				LD_RUNPATH_SEARCH_PATHS = "$(inherited) @executable_path/Frameworks";
				PRODUCT_BUNDLE_IDENTIFIER = com.ivymobility.ClickController;
				PRODUCT_NAME = "$(TARGET_NAME)";
			};
			name = Debug;
		};
		A20841901C7EA6E3007FBF51 /* Release */ = {
			isa = XCBuildConfiguration;
			buildSettings = {
				ASSETCATALOG_COMPILER_APPICON_NAME = AppIcon;
				INFOPLIST_FILE = ClickController/Info.plist;
				LD_RUNPATH_SEARCH_PATHS = "$(inherited) @executable_path/Frameworks";
				PRODUCT_BUNDLE_IDENTIFIER = com.ivymobility.ClickController;
				PRODUCT_NAME = "$(TARGET_NAME)";
			};
			name = Release;
		};
/* End XCBuildConfiguration section */

/* Begin XCConfigurationList section */
		A20841771C7EA6E3007FBF51 /* Build configuration list for PBXProject "ClickController" */ = {
			isa = XCConfigurationList;
			buildConfigurations = (
				A208418C1C7EA6E3007FBF51 /* Debug */,
				A208418D1C7EA6E3007FBF51 /* Release */,
			);
			defaultConfigurationIsVisible = 0;
			defaultConfigurationName = Release;
		};
		A208418E1C7EA6E3007FBF51 /* Build configuration list for PBXNativeTarget "ClickController" */ = {
			isa = XCConfigurationList;
			buildConfigurations = (
				A208418F1C7EA6E3007FBF51 /* Debug */,
				A20841901C7EA6E3007FBF51 /* Release */,
			);
			defaultConfigurationIsVisible = 0;
		};
/* End XCConfigurationList section */
	};
	rootObject = A20841741C7EA6E3007FBF51 /* Project object */;
}
